
Microsoft Visual Studio Solution File, Format Version 12.00
# Visual Studio Version 16
VisualStudioVersion = 16.0.31702.278
MinimumVisualStudioVersion = 10.0.40219.1
Project("{FAE04EC0-301F-11D3-BF4B-00C04F79EFBC}") = "FPTApp", "FPTApp\FPTApp.csproj", "{D4CC32F4-7AB7-4D96-AA58-C56796AB16B8}"
EndProject
Global
	GlobalSection(SolutionConfigurationPlatforms) = preSolution
		Debug|Any CPU = Debug|Any CPU
		Release|Any CPU = Release|Any CPU
	EndGlobalSection
	GlobalSection(ProjectConfigurationPlatforms) = postSolution
		{D4CC32F4-7AB7-4D96-AA58-C56796AB16B8}.Debug|Any CPU.ActiveCfg = Debug|Any CPU
		{D4CC32F4-7AB7-4D96-AA58-C56796AB16B8}.Debug|Any CPU.Build.0 = Debug|Any CPU
		{D4CC32F4-7AB7-4D96-AA58-C56796AB16B8}.Release|Any CPU.ActiveCfg = Release|Any CPU
		{D4CC32F4-7AB7-4D96-AA58-C56796AB16B8}.Release|Any CPU.Build.0 = Release|Any CPU
	EndGlobalSection
	GlobalSection(SolutionProperties) = preSolution
		HideSolutionNode = FALSE
	EndGlobalSection
	GlobalSection(ExtensibilityGlobals) = postSolution
		SolutionGuid = {EC3C676A-16FA-4CC7-8D33-0DDD2F39DEA1}
	EndGlobalSection
EndGlobal
